Microsoft Visual Studio Solution File, Format Version 12.00
# Visual Studio Version 17
VisualStudioVersion = 17.0.31903.59
MinimumVisualStudioVersion = 10.0.40219.1
Project("{FAE04EC0-301F-11D3-BF4B-00C04F79EFBC}") = "DynamicSearch.EfCore", "DynamicSearch.EfCore\DynamicSearch.EfCore.csproj", "{1F3C5660-DF67-46A3-BAC4-52033D062092}"
EndProject
Project("{2150E333-8FDC-42A3-9474-1A3956D46DE8}") = "DynamicSearch.Sample", "DynamicSearch.Sample", "{31984934-B823-4DC5-90C8-8C400F393B48}"
EndProject
Project("{2150E333-8FDC-42A3-9474-1A3956D46DE8}") = "src", "src", "{05F3B129-2891-4755-864C-26D4C9A8FB08}"
EndProject
Project("{FAE04EC0-301F-11D3-BF4B-00C04F79EFBC}") = "Core.Api", "DynamicSearch.Sample\src\Core.Api\Core.Api.csproj", "{ADFE02C9-E5C6-4833-96CA-F3A8FF54B5B1}"
EndProject
Project("{FAE04EC0-301F-11D3-BF4B-00C04F79EFBC}") = "Core.Application", "DynamicSearch.Sample\src\Core.Application\Core.Application.csproj", "{0851E73E-D218-42A6-B825-C018E1BDBFE3}"
EndProject
Project("{FAE04EC0-301F-11D3-BF4B-00C04F79EFBC}") = "Core.Domain", "DynamicSearch.Sample\src\Core.Domain\Core.Domain.csproj", "{36A7BFDE-B1B6-4210-8C24-ED7A555FF10D}"
EndProject
Project("{FAE04EC0-301F-11D3-BF4B-00C04F79EFBC}") = "Core.Persistence", "DynamicSearch.Sample\src\Core.Persistence\Core.Persistence.csproj", "{7E9FB854-F38B-41FB-8B78-0EF8730F5BDB}"
EndProject
Project("{FAE04EC0-301F-11D3-BF4B-00C04F79EFBC}") = "DynamicSearch.Test", "DynamicSearch.Test\DynamicSearch.Test.csproj", "{07599FA8-3653-4B46-ACB6-DFA207A85388}"
EndProject
Global
	GlobalSection(SolutionConfigurationPlatforms) = preSolution
		Debug|Any CPU = Debug|Any CPU
		Release|Any CPU = Release|Any CPU
	EndGlobalSection
	GlobalSection(SolutionProperties) = preSolution
		HideSolutionNode = FALSE
	EndGlobalSection
	GlobalSection(ProjectConfigurationPlatforms) = postSolution
		{1F3C5660-DF67-46A3-BAC4-52033D062092}.Debug|Any CPU.ActiveCfg = Debug|Any CPU
		{1F3C5660-DF67-46A3-BAC4-52033D062092}.Debug|Any CPU.Build.0 = Debug|Any CPU
		{1F3C5660-DF67-46A3-BAC4-52033D062092}.Release|Any CPU.ActiveCfg = Release|Any CPU
		{1F3C5660-DF67-46A3-BAC4-52033D062092}.Release|Any CPU.Build.0 = Release|Any CPU
		{ADFE02C9-E5C6-4833-96CA-F3A8FF54B5B1}.Debug|Any CPU.ActiveCfg = Debug|Any CPU
		{ADFE02C9-E5C6-4833-96CA-F3A8FF54B5B1}.Debug|Any CPU.Build.0 = Debug|Any CPU
		{ADFE02C9-E5C6-4833-96CA-F3A8FF54B5B1}.Release|Any CPU.ActiveCfg = Release|Any CPU
		{ADFE02C9-E5C6-4833-96CA-F3A8FF54B5B1}.Release|Any CPU.Build.0 = Release|Any CPU
		{0851E73E-D218-42A6-B825-C018E1BDBFE3}.Debug|Any CPU.ActiveCfg = Debug|Any CPU
		{0851E73E-D218-42A6-B825-C018E1BDBFE3}.Debug|Any CPU.Build.0 = Debug|Any CPU
		{0851E73E-D218-42A6-B825-C018E1BDBFE3}.Release|Any CPU.ActiveCfg = Release|Any CPU
		{0851E73E-D218-42A6-B825-C018E1BDBFE3}.Release|Any CPU.Build.0 = Release|Any CPU
		{36A7BFDE-B1B6-4210-8C24-ED7A555FF10D}.Debug|Any CPU.ActiveCfg = Debug|Any CPU
		{36A7BFDE-B1B6-4210-8C24-ED7A555FF10D}.Debug|Any CPU.Build.0 = Debug|Any CPU
		{36A7BFDE-B1B6-4210-8C24-ED7A555FF10D}.Release|Any CPU.ActiveCfg = Release|Any CPU
		{36A7BFDE-B1B6-4210-8C24-ED7A555FF10D}.Release|Any CPU.Build.0 = Release|Any CPU
		{7E9FB854-F38B-41FB-8B78-0EF8730F5BDB}.Debug|Any CPU.ActiveCfg = Debug|Any CPU
		{7E9FB854-F38B-41FB-8B78-0EF8730F5BDB}.Debug|Any CPU.Build.0 = Debug|Any CPU
		{7E9FB854-F38B-41FB-8B78-0EF8730F5BDB}.Release|Any CPU.ActiveCfg = Release|Any CPU
		{7E9FB854-F38B-41FB-8B78-0EF8730F5BDB}.Release|Any CPU.Build.0 = Release|Any CPU
		{07599FA8-3653-4B46-ACB6-DFA207A85388}.Debug|Any CPU.ActiveCfg = Debug|Any CPU
		{07599FA8-3653-4B46-ACB6-DFA207A85388}.Debug|Any CPU.Build.0 = Debug|Any CPU
		{07599FA8-3653-4B46-ACB6-DFA207A85388}.Release|Any CPU.ActiveCfg = Release|Any CPU
		{07599FA8-3653-4B46-ACB6-DFA207A85388}.Release|Any CPU.Build.0 = Release|Any CPU
	EndGlobalSection
	GlobalSection(NestedProjects) = preSolution
		{05F3B129-2891-4755-864C-26D4C9A8FB08} = {31984934-B823-4DC5-90C8-8C400F393B48}
		{ADFE02C9-E5C6-4833-96CA-F3A8FF54B5B1} = {05F3B129-2891-4755-864C-26D4C9A8FB08}
		{0851E73E-D218-42A6-B825-C018E1BDBFE3} = {05F3B129-2891-4755-864C-26D4C9A8FB08}
		{36A7BFDE-B1B6-4210-8C24-ED7A555FF10D} = {05F3B129-2891-4755-864C-26D4C9A8FB08}
		{7E9FB854-F38B-41FB-8B78-0EF8730F5BDB} = {05F3B129-2891-4755-864C-26D4C9A8FB08}
	EndGlobalSection
EndGlobal
