
Microsoft Visual Studio Solution File, Format Version 12.00
# Visual Studio Version 17
VisualStudioVersion = 17.0.31903.59
MinimumVisualStudioVersion = 10.0.40219.1
Project("{FAE04EC0-301F-11D3-BF4B-00C04F79EFBC}") = "DynamicSearch.Lib", "DynamicSearch.Lib\DynamicSearch.Lib.csproj", "{92B35FCC-A3D9-4045-B234-420A3C2D941E}"
EndProject
Project("{2150E333-8FDC-42A3-9474-1A3956D46DE8}") = "DynamicSearch.Sample", "DynamicSearch.Sample", "{EE0F57AD-6565-4067-BE8B-0E933F11311C}"
EndProject
Project("{2150E333-8FDC-42A3-9474-1A3956D46DE8}") = "src", "src", "{78A77254-BB60-4E99-B04A-CA8805E570EE}"
EndProject
Project("{FAE04EC0-301F-11D3-BF4B-00C04F79EFBC}") = "Core.Api", "DynamicSearch.Sample\src\Core.Api\Core.Api.csproj", "{1DD2F00F-02C5-4F7C-8BB4-64350D3DCC47}"
EndProject
Project("{FAE04EC0-301F-11D3-BF4B-00C04F79EFBC}") = "Core.Application", "DynamicSearch.Sample\src\Core.Application\Core.Application.csproj", "{5B64F14D-A402-4FFC-9FE0-B43F6B982A76}"
EndProject
Project("{FAE04EC0-301F-11D3-BF4B-00C04F79EFBC}") = "Core.Domain", "DynamicSearch.Sample\src\Core.Domain\Core.Domain.csproj", "{DE31CF66-858D-48E0-82E3-6A3C1BC04948}"
EndProject
Project("{FAE04EC0-301F-11D3-BF4B-00C04F79EFBC}") = "Core.Persistence", "DynamicSearch.Sample\src\Core.Persistence\Core.Persistence.csproj", "{56296D87-8AD6-42E8-8C52-098323FBDD41}"
EndProject
Project("{FAE04EC0-301F-11D3-BF4B-00C04F79EFBC}") = "DynamicSearch.Test", "DynamicSearch.Test\DynamicSearch.Test.csproj", "{1F9E7685-92EF-4E68-A389-5EA4491747F7}"
EndProject
Global
	GlobalSection(SolutionConfigurationPlatforms) = preSolution
		Debug|Any CPU = Debug|Any CPU
		Release|Any CPU = Release|Any CPU
	EndGlobalSection
	GlobalSection(SolutionProperties) = preSolution
		HideSolutionNode = FALSE
	EndGlobalSection
	GlobalSection(ProjectConfigurationPlatforms) = postSolution
		{92B35FCC-A3D9-4045-B234-420A3C2D941E}.Debug|Any CPU.ActiveCfg = Debug|Any CPU
		{92B35FCC-A3D9-4045-B234-420A3C2D941E}.Debug|Any CPU.Build.0 = Debug|Any CPU
		{92B35FCC-A3D9-4045-B234-420A3C2D941E}.Release|Any CPU.ActiveCfg = Release|Any CPU
		{92B35FCC-A3D9-4045-B234-420A3C2D941E}.Release|Any CPU.Build.0 = Release|Any CPU
		{1DD2F00F-02C5-4F7C-8BB4-64350D3DCC47}.Debug|Any CPU.ActiveCfg = Debug|Any CPU
		{1DD2F00F-02C5-4F7C-8BB4-64350D3DCC47}.Debug|Any CPU.Build.0 = Debug|Any CPU
		{1DD2F00F-02C5-4F7C-8BB4-64350D3DCC47}.Release|Any CPU.ActiveCfg = Release|Any CPU
		{1DD2F00F-02C5-4F7C-8BB4-64350D3DCC47}.Release|Any CPU.Build.0 = Release|Any CPU
		{5B64F14D-A402-4FFC-9FE0-B43F6B982A76}.Debug|Any CPU.ActiveCfg = Debug|Any CPU
		{5B64F14D-A402-4FFC-9FE0-B43F6B982A76}.Debug|Any CPU.Build.0 = Debug|Any CPU
		{5B64F14D-A402-4FFC-9FE0-B43F6B982A76}.Release|Any CPU.ActiveCfg = Release|Any CPU
		{5B64F14D-A402-4FFC-9FE0-B43F6B982A76}.Release|Any CPU.Build.0 = Release|Any CPU
		{DE31CF66-858D-48E0-82E3-6A3C1BC04948}.Debug|Any CPU.ActiveCfg = Debug|Any CPU
		{DE31CF66-858D-48E0-82E3-6A3C1BC04948}.Debug|Any CPU.Build.0 = Debug|Any CPU
		{DE31CF66-858D-48E0-82E3-6A3C1BC04948}.Release|Any CPU.ActiveCfg = Release|Any CPU
		{DE31CF66-858D-48E0-82E3-6A3C1BC04948}.Release|Any CPU.Build.0 = Release|Any CPU
		{56296D87-8AD6-42E8-8C52-098323FBDD41}.Debug|Any CPU.ActiveCfg = Debug|Any CPU
		{56296D87-8AD6-42E8-8C52-098323FBDD41}.Debug|Any CPU.Build.0 = Debug|Any CPU
		{56296D87-8AD6-42E8-8C52-098323FBDD41}.Release|Any CPU.ActiveCfg = Release|Any CPU
		{56296D87-8AD6-42E8-8C52-098323FBDD41}.Release|Any CPU.Build.0 = Release|Any CPU
		{1F9E7685-92EF-4E68-A389-5EA4491747F7}.Debug|Any CPU.ActiveCfg = Debug|Any CPU
		{1F9E7685-92EF-4E68-A389-5EA4491747F7}.Debug|Any CPU.Build.0 = Debug|Any CPU
		{1F9E7685-92EF-4E68-A389-5EA4491747F7}.Release|Any CPU.ActiveCfg = Release|Any CPU
		{1F9E7685-92EF-4E68-A389-5EA4491747F7}.Release|Any CPU.Build.0 = Release|Any CPU
	EndGlobalSection
	GlobalSection(NestedProjects) = preSolution
		{78A77254-BB60-4E99-B04A-CA8805E570EE} = {EE0F57AD-6565-4067-BE8B-0E933F11311C}
		{1DD2F00F-02C5-4F7C-8BB4-64350D3DCC47} = {78A77254-BB60-4E99-B04A-CA8805E570EE}
		{5B64F14D-A402-4FFC-9FE0-B43F6B982A76} = {78A77254-BB60-4E99-B04A-CA8805E570EE}
		{DE31CF66-858D-48E0-82E3-6A3C1BC04948} = {78A77254-BB60-4E99-B04A-CA8805E570EE}
		{56296D87-8AD6-42E8-8C52-098323FBDD41} = {78A77254-BB60-4E99-B04A-CA8805E570EE}
	EndGlobalSection
EndGlobal
