
Microsoft Visual Studio Solution File, Format Version 12.00
# Visual Studio Version 17
VisualStudioVersion = 17.5.002.0
MinimumVisualStudioVersion = 10.0.40219.1
Project("{9A19103F-16F7-4668-BE54-9A1E7A4F7556}") = "DynamicSearch.EfCore", "DynamicSearch.EfCore.csproj", "{77D02A68-4386-4222-89AC-576721D2395A}"
EndProject
Global
	GlobalSection(SolutionConfigurationPlatforms) = preSolution
		Debug|Any CPU = Debug|Any CPU
		Release|Any CPU = Release|Any CPU
	EndGlobalSection
	GlobalSection(ProjectConfigurationPlatforms) = postSolution
		{77D02A68-4386-4222-89AC-576721D2395A}.Debug|Any CPU.ActiveCfg = Debug|Any CPU
		{77D02A68-4386-4222-89AC-576721D2395A}.Debug|Any CPU.Build.0 = Debug|Any CPU
		{77D02A68-4386-4222-89AC-576721D2395A}.Release|Any CPU.ActiveCfg = Release|Any CPU
		{77D02A68-4386-4222-89AC-576721D2395A}.Release|Any CPU.Build.0 = Release|Any CPU
	EndGlobalSection
	GlobalSection(SolutionProperties) = preSolution
		HideSolutionNode = FALSE
	EndGlobalSection
	GlobalSection(ExtensibilityGlobals) = postSolution
		SolutionGuid = {50208C08-D683-4CCE-8EDE-A693667FAC4E}
	EndGlobalSection
EndGlobal
